
Microsoft Visual Studio Solution File, Format Version 12.00
# Visual Studio Version 17
VisualStudioVersion = 17.5.002.0
MinimumVisualStudioVersion = 10.0.40219.1
Project("{2150E333-8FDC-42A3-9474-1A3956D46DE8}") = "02._Data_Files", "02._Data_Files", "{5115A093-EDF9-4942-8F56-38870B91FE88}"
EndProject
Project("{9A19103F-16F7-4668-BE54-9A1E7A4F7556}") = "CSparser", "02._Data_Files\CSparser\CSparser.csproj", "{36E1E74A-D7FE-40D9-8885-F57E45F2FB67}"
EndProject
Global
	GlobalSection(SolutionConfigurationPlatforms) = preSolution
		Debug|Any CPU = Debug|Any CPU
		Release|Any CPU = Release|Any CPU
	EndGlobalSection
	GlobalSection(ProjectConfigurationPlatforms) = postSolution
		{36E1E74A-D7FE-40D9-8885-F57E45F2FB67}.Debug|Any CPU.ActiveCfg = Debug|Any CPU
		{36E1E74A-D7FE-40D9-8885-F57E45F2FB67}.Debug|Any CPU.Build.0 = Debug|Any CPU
		{36E1E74A-D7FE-40D9-8885-F57E45F2FB67}.Release|Any CPU.ActiveCfg = Release|Any CPU
		{36E1E74A-D7FE-40D9-8885-F57E45F2FB67}.Release|Any CPU.Build.0 = Release|Any CPU
	EndGlobalSection
	GlobalSection(SolutionProperties) = preSolution
		HideSolutionNode = FALSE
	EndGlobalSection
	GlobalSection(NestedProjects) = preSolution
		{36E1E74A-D7FE-40D9-8885-F57E45F2FB67} = {5115A093-EDF9-4942-8F56-38870B91FE88}
	EndGlobalSection
	GlobalSection(ExtensibilityGlobals) = postSolution
		SolutionGuid = {6F0670CA-6F55-4078-A3A8-60C23A0698E0}
	EndGlobalSection
EndGlobal
