
Microsoft Visual Studio Solution File, Format Version 12.00
# Visual Studio Version 17
VisualStudioVersion = 17.5.002.0
MinimumVisualStudioVersion = 10.0.40219.1
Project("{2150E333-8FDC-42A3-9474-1A3956D46DE8}") = "02._Data_Files", "02._Data_Files", "{05A24549-C282-4481-A1F5-340D241BB9F3}"
EndProject
Project("{9A19103F-16F7-4668-BE54-9A1E7A4F7556}") = "CSparser", "02._Data_Files\CSparser\CSparser.csproj", "{C11E2781-7705-44D4-A2EF-4D43854486A9}"
EndProject
Global
	GlobalSection(SolutionConfigurationPlatforms) = preSolution
		Debug|Any CPU = Debug|Any CPU
		Release|Any CPU = Release|Any CPU
	EndGlobalSection
	GlobalSection(ProjectConfigurationPlatforms) = postSolution
		{C11E2781-7705-44D4-A2EF-4D43854486A9}.Debug|Any CPU.ActiveCfg = Debug|Any CPU
		{C11E2781-7705-44D4-A2EF-4D43854486A9}.Debug|Any CPU.Build.0 = Debug|Any CPU
		{C11E2781-7705-44D4-A2EF-4D43854486A9}.Release|Any CPU.ActiveCfg = Release|Any CPU
		{C11E2781-7705-44D4-A2EF-4D43854486A9}.Release|Any CPU.Build.0 = Release|Any CPU
	EndGlobalSection
	GlobalSection(SolutionProperties) = preSolution
		HideSolutionNode = FALSE
	EndGlobalSection
	GlobalSection(NestedProjects) = preSolution
		{C11E2781-7705-44D4-A2EF-4D43854486A9} = {05A24549-C282-4481-A1F5-340D241BB9F3}
	EndGlobalSection
	GlobalSection(ExtensibilityGlobals) = postSolution
		SolutionGuid = {8CA49566-6E7E-40EB-8375-16C955782857}
	EndGlobalSection
EndGlobal
